
Microsoft Visual Studio Solution File, Format Version 12.00
# Visual Studio Version 17
VisualStudioVersion = 17.4.33213.308
MinimumVisualStudioVersion = 10.0.40219.1
Project("{FAE04EC0-301F-11D3-BF4B-00C04F79EFBC}") = "Discord_Main", "Discord_Main\Discord_Main.csproj", "{5F75A017-90D1-4832-AF95-2EFA21336DC8}"
EndProject
Project("{FAE04EC0-301F-11D3-BF4B-00C04F79EFBC}") = "Rat Builder", "Rat Builder\Rat Builder.csproj", "{64D4363A-96A5-4931-B7DE-503380BE9C95}"
EndProject
Global
	GlobalSection(SolutionConfigurationPlatforms) = preSolution
		Debug|Any CPU = Debug|Any CPU
		Release|Any CPU = Release|Any CPU
	EndGlobalSection
	GlobalSection(ProjectConfigurationPlatforms) = postSolution
		{5F75A017-90D1-4832-AF95-2EFA21336DC8}.Debug|Any CPU.ActiveCfg = Debug|Any CPU
		{5F75A017-90D1-4832-AF95-2EFA21336DC8}.Debug|Any CPU.Build.0 = Debug|Any CPU
		{5F75A017-90D1-4832-AF95-2EFA21336DC8}.Release|Any CPU.ActiveCfg = Release|Any CPU
		{5F75A017-90D1-4832-AF95-2EFA21336DC8}.Release|Any CPU.Build.0 = Release|Any CPU
		{64D4363A-96A5-4931-B7DE-503380BE9C95}.Debug|Any CPU.ActiveCfg = Debug|Any CPU
		{64D4363A-96A5-4931-B7DE-503380BE9C95}.Debug|Any CPU.Build.0 = Debug|Any CPU
		{64D4363A-96A5-4931-B7DE-503380BE9C95}.Release|Any CPU.ActiveCfg = Release|Any CPU
		{64D4363A-96A5-4931-B7DE-503380BE9C95}.Release|Any CPU.Build.0 = Release|Any CPU
	EndGlobalSection
	GlobalSection(SolutionProperties) = preSolution
		HideSolutionNode = FALSE
	EndGlobalSection
	GlobalSection(ExtensibilityGlobals) = postSolution
		SolutionGuid = {4223AD32-6872-417B-91BB-3AE295E2A9D2}
	EndGlobalSection
EndGlobal
